// !$*UTF8*$!
{
	archiveVersion = 1;
	classes = {
	};
	objectVersion = 56;
	objects = {

/* Begin PBXBuildFile section */
		F715AFCE2B5FECB80099C55C /* YummiApp.swift in Sources */ = {isa = PBXBuildFile; fileRef = F715AFCD2B5FECB80099C55C /* YummiApp.swift */; };
		F715AFD02B5FECB80099C55C /* ContentView.swift in Sources */ = {isa = PBXBuildFile; fileRef = F715AFCF2B5FECB80099C55C /* ContentView.swift */; };
		F715AFD22B5FECBA0099C55C /* Assets.xcassets in Resources */ = {isa = PBXBuildFile; fileRef = F715AFD12B5FECBA0099C55C /* Assets.xcassets */; };
		F715AFD52B5FECBA0099C55C /* Preview Assets.xcassets in Resources */ = {isa = PBXBuildFile; fileRef = F715AFD42B5FECBA0099C55C /* Preview Assets.xcassets */; };
		F715AFDF2B5FECBB0099C55C /* YummiTests.swift in Sources */ = {isa = PBXBuildFile; fileRef = F715AFDE2B5FECBB0099C55C /* YummiTests.swift */; };
		F715AFEB2B5FECBB0099C55C /* YummiUITestsLaunchTests.swift in Sources */ = {isa = PBXBuildFile; fileRef = F715AFEA2B5FECBB0099C55C /* YummiUITestsLaunchTests.swift */; };
		F715AFF82B5FEFCE0099C55C /* Ingredients.swift in Sources */ = {isa = PBXBuildFile; fileRef = F715AFF72B5FEFCE0099C55C /* Ingredients.swift */; };
		F715AFFA2B5FF33D0099C55C /* StarterIngredients.swift in Sources */ = {isa = PBXBuildFile; fileRef = F715AFF92B5FF33D0099C55C /* StarterIngredients.swift */; };
		F784AAAB2B73ED23002C2FB4 /* RecipesView.swift in Sources */ = {isa = PBXBuildFile; fileRef = F784AAAA2B73ED23002C2FB4 /* RecipesView.swift */; };
		F7A030632B88B0CA0083C4AA /* YummiUITests.swift in Sources */ = {isa = PBXBuildFile; fileRef = F715AFE82B5FECBB0099C55C /* YummiUITests.swift */; };
		F7FFDF902B91EAD700F152A0 /* IngredientsView.swift in Sources */ = {isa = PBXBuildFile; fileRef = F7FFDF8F2B91EAD700F152A0 /* IngredientsView.swift */; };
/* End PBXBuildFile section */

/* Begin PBXContainerItemProxy section */
		F715AFDB2B5FECBB0099C55C /* PBXContainerItemProxy */ = {
			isa = PBXContainerItemProxy;
			containerPortal = F715AFC22B5FECB70099C55C /* Project object */;
			proxyType = 1;
			remoteGlobalIDString = F715AFC92B5FECB80099C55C;
			remoteInfo = Yummi;
		};
		F715AFE52B5FECBB0099C55C /* PBXContainerItemProxy */ = {
			isa = PBXContainerItemProxy;
			containerPortal = F715AFC22B5FECB70099C55C /* Project object */;
			proxyType = 1;
			remoteGlobalIDString = F715AFC92B5FECB80099C55C;
			remoteInfo = Yummi;
		};
/* End PBXContainerItemProxy section */

/* Begin PBXFileReference section */
		F715AFCA2B5FECB80099C55C /* Yummi.app */ = {isa = PBXFileReference; explicitFileType = wrapper.application; includeInIndex = 0; path = Yummi.app; sourceTree = BUILT_PRODUCTS_DIR; };
		F715AFCD2B5FECB80099C55C /* YummiApp.swift */ = {isa = PBXFileReference; lastKnownFileType = sourcecode.swift; path = YummiApp.swift; sourceTree = "<group>"; };
		F715AFCF2B5FECB80099C55C /* ContentView.swift */ = {isa = PBXFileReference; lastKnownFileType = sourcecode.swift; path = ContentView.swift; sourceTree = "<group>"; };
		F715AFD12B5FECBA0099C55C /* Assets.xcassets */ = {isa = PBXFileReference; lastKnownFileType = folder.assetcatalog; path = Assets.xcassets; sourceTree = "<group>"; };
		F715AFD42B5FECBA0099C55C /* Preview Assets.xcassets */ = {isa = PBXFileReference; lastKnownFileType = folder.assetcatalog; path = "Preview Assets.xcassets"; sourceTree = "<group>"; };
		F715AFDA2B5FECBB0099C55C /* YummiTests.xctest */ = {isa = PBXFileReference; explicitFileType = wrapper.cfbundle; includeInIndex = 0; path = YummiTests.xctest; sourceTree = BUILT_PRODUCTS_DIR; };
		F715AFDE2B5FECBB0099C55C /* YummiTests.swift */ = {isa = PBXFileReference; lastKnownFileType = sourcecode.swift; path = YummiTests.swift; sourceTree = "<group>"; };
		F715AFE42B5FECBB0099C55C /* YummiUITests.xctest */ = {isa = PBXFileReference; explicitFileType = wrapper.cfbundle; includeInIndex = 0; path = YummiUITests.xctest; sourceTree = BUILT_PRODUCTS_DIR; };
		F715AFE82B5FECBB0099C55C /* YummiUITests.swift */ = {isa = PBXFileReference; lastKnownFileType = sourcecode.swift; path = YummiUITests.swift; sourceTree = "<group>"; };
		F715AFEA2B5FECBB0099C55C /* YummiUITestsLaunchTests.swift */ = {isa = PBXFileReference; lastKnownFileType = sourcecode.swift; path = YummiUITestsLaunchTests.swift; sourceTree = "<group>"; };
		F715AFF72B5FEFCE0099C55C /* Ingredients.swift */ = {isa = PBXFileReference; lastKnownFileType = sourcecode.swift; path = Ingredients.swift; sourceTree = "<group>"; };
		F715AFF92B5FF33D0099C55C /* StarterIngredients.swift */ = {isa = PBXFileReference; lastKnownFileType = sourcecode.swift; path = StarterIngredients.swift; sourceTree = "<group>"; };
		F784AAAA2B73ED23002C2FB4 /* RecipesView.swift */ = {isa = PBXFileReference; lastKnownFileType = sourcecode.swift; path = RecipesView.swift; sourceTree = "<group>"; };
		F7FFDF8F2B91EAD700F152A0 /* IngredientsView.swift */ = {isa = PBXFileReference; lastKnownFileType = sourcecode.swift; path = IngredientsView.swift; sourceTree = "<group>"; };
/* End PBXFileReference section */

/* Begin PBXFrameworksBuildPhase section */
		F715AFC72B5FECB80099C55C /* Frameworks */ = {
			isa = PBXFrameworksBuildPhase;
			buildActionMask = 2147483647;
			files = (
			);
			runOnlyForDeploymentPostprocessing = 0;
		};
		F715AFD72B5FECBB0099C55C /* Frameworks */ = {
			isa = PBXFrameworksBuildPhase;
			buildActionMask = 2147483647;
			files = (
			);
			runOnlyForDeploymentPostprocessing = 0;
		};
		F715AFE12B5FECBB0099C55C /* Frameworks */ = {
			isa = PBXFrameworksBuildPhase;
			buildActionMask = 2147483647;
			files = (
			);
			runOnlyForDeploymentPostprocessing = 0;
		};
/* End PBXFrameworksBuildPhase section */

/* Begin PBXGroup section */
		F715AFC12B5FECB70099C55C = {
			isa = PBXGroup;
			children = (
				F715AFCC2B5FECB80099C55C /* Yummi */,
				F715AFDD2B5FECBB0099C55C /* YummiTests */,
				F715AFE72B5FECBB0099C55C /* YummiUITests */,
				F715AFCB2B5FECB80099C55C /* Products */,
			);
			sourceTree = "<group>";
		};
		F715AFCB2B5FECB80099C55C /* Products */ = {
			isa = PBXGroup;
			children = (
				F715AFCA2B5FECB80099C55C /* Yummi.app */,
				F715AFDA2B5FECBB0099C55C /* YummiTests.xctest */,
				F715AFE42B5FECBB0099C55C /* YummiUITests.xctest */,
			);
			name = Products;
			sourceTree = "<group>";
		};
		F715AFCC2B5FECB80099C55C /* Yummi */ = {
			isa = PBXGroup;
			children = (
				F715AFCD2B5FECB80099C55C /* YummiApp.swift */,
				F7FFDF8E2B91EAB300F152A0 /* Views */,
				F715AFD12B5FECBA0099C55C /* Assets.xcassets */,
				F715AFD32B5FECBA0099C55C /* Preview Content */,
				F715AFF72B5FEFCE0099C55C /* Ingredients.swift */,
				F715AFF92B5FF33D0099C55C /* StarterIngredients.swift */,
			);
			path = Yummi;
			sourceTree = "<group>";
		};
		F715AFD32B5FECBA0099C55C /* Preview Content */ = {
			isa = PBXGroup;
			children = (
				F715AFD42B5FECBA0099C55C /* Preview Assets.xcassets */,
			);
			path = "Preview Content";
			sourceTree = "<group>";
		};
		F715AFDD2B5FECBB0099C55C /* YummiTests */ = {
			isa = PBXGroup;
			children = (
				F715AFDE2B5FECBB0099C55C /* YummiTests.swift */,
				F715AFE82B5FECBB0099C55C /* YummiUITests.swift */,
			);
			path = YummiTests;
			sourceTree = "<group>";
		};
		F715AFE72B5FECBB0099C55C /* YummiUITests */ = {
			isa = PBXGroup;
			children = (
				F715AFEA2B5FECBB0099C55C /* YummiUITestsLaunchTests.swift */,
			);
			path = YummiUITests;
			sourceTree = "<group>";
		};
		F7FFDF8E2B91EAB300F152A0 /* Views */ = {
			isa = PBXGroup;
			children = (
				F715AFCF2B5FECB80099C55C /* ContentView.swift */,
				F784AAAA2B73ED23002C2FB4 /* RecipesView.swift */,
				F7FFDF8F2B91EAD700F152A0 /* IngredientsView.swift */,
			);
			path = Views;
			sourceTree = "<group>";
		};
/* End PBXGroup section */

/* Begin PBXNativeTarget section */
		F715AFC92B5FECB80099C55C /* Yummi */ = {
			isa = PBXNativeTarget;
			buildConfigurationList = F715AFEE2B5FECBB0099C55C /* Build configuration list for PBXNativeTarget "Yummi" */;
			buildPhases = (
				F715AFC62B5FECB80099C55C /* Sources */,
				F715AFC72B5FECB80099C55C /* Frameworks */,
				F715AFC82B5FECB80099C55C /* Resources */,
			);
			buildRules = (
			);
			dependencies = (
			);
			name = Yummi;
			productName = Yummi;
			productReference = F715AFCA2B5FECB80099C55C /* Yummi.app */;
			productType = "com.apple.product-type.application";
		};
		F715AFD92B5FECBB0099C55C /* YummiTests */ = {
			isa = PBXNativeTarget;
			buildConfigurationList = F715AFF12B5FECBB0099C55C /* Build configuration list for PBXNativeTarget "YummiTests" */;
			buildPhases = (
				F715AFD62B5FECBB0099C55C /* Sources */,
				F715AFD72B5FECBB0099C55C /* Frameworks */,
				F715AFD82B5FECBB0099C55C /* Resources */,
			);
			buildRules = (
			);
			dependencies = (
				F715AFDC2B5FECBB0099C55C /* PBXTargetDependency */,
			);
			name = YummiTests;
			productName = YummiTests;
			productReference = F715AFDA2B5FECBB0099C55C /* YummiTests.xctest */;
			productType = "com.apple.product-type.bundle.unit-test";
		};
		F715AFE32B5FECBB0099C55C /* YummiUITests */ = {
			isa = PBXNativeTarget;
			buildConfigurationList = F715AFF42B5FECBB0099C55C /* Build configuration list for PBXNativeTarget "YummiUITests" */;
			buildPhases = (
				F715AFE02B5FECBB0099C55C /* Sources */,
				F715AFE12B5FECBB0099C55C /* Frameworks */,
				F715AFE22B5FECBB0099C55C /* Resources */,
			);
			buildRules = (
			);
			dependencies = (
				F715AFE62B5FECBB0099C55C /* PBXTargetDependency */,
			);
			name = YummiUITests;
			productName = YummiUITests;
			productReference = F715AFE42B5FECBB0099C55C /* YummiUITests.xctest */;
			productType = "com.apple.product-type.bundle.ui-testing";
		};
/* End PBXNativeTarget section */

/* Begin PBXProject section */
		F715AFC22B5FECB70099C55C /* Project object */ = {
			isa = PBXProject;
			attributes = {
				BuildIndependentTargetsInParallel = 1;
				LastSwiftUpdateCheck = 1520;
				LastUpgradeCheck = 1520;
				TargetAttributes = {
					F715AFC92B5FECB80099C55C = {
						CreatedOnToolsVersion = 15.2;
					};
					F715AFD92B5FECBB0099C55C = {
						CreatedOnToolsVersion = 15.2;
						TestTargetID = F715AFC92B5FECB80099C55C;
					};
					F715AFE32B5FECBB0099C55C = {
						CreatedOnToolsVersion = 15.2;
						TestTargetID = F715AFC92B5FECB80099C55C;
					};
				};
			};
			buildConfigurationList = F715AFC52B5FECB80099C55C /* Build configuration list for PBXProject "Yummi" */;
			compatibilityVersion = "Xcode 14.0";
			developmentRegion = en;
			hasScannedForEncodings = 0;
			knownRegions = (
				en,
				Base,
			);
			mainGroup = F715AFC12B5FECB70099C55C;
			productRefGroup = F715AFCB2B5FECB80099C55C /* Products */;
			projectDirPath = "";
			projectRoot = "";
			targets = (
				F715AFC92B5FECB80099C55C /* Yummi */,
				F715AFD92B5FECBB0099C55C /* YummiTests */,
				F715AFE32B5FECBB0099C55C /* YummiUITests */,
			);
		};
/* End PBXProject section */

/* Begin PBXResourcesBuildPhase section */
		F715AFC82B5FECB80099C55C /* Resources */ = {
			isa = PBXResourcesBuildPhase;
			buildActionMask = 2147483647;
			files = (
				F715AFD52B5FECBA0099C55C /* Preview Assets.xcassets in Resources */,
				F715AFD22B5FECBA0099C55C /* Assets.xcassets in Resources */,
			);
			runOnlyForDeploymentPostprocessing = 0;
		};
		F715AFD82B5FECBB0099C55C /* Resources */ = {
			isa = PBXResourcesBuildPhase;
			buildActionMask = 2147483647;
			files = (
			);
			runOnlyForDeploymentPostprocessing = 0;
		};
		F715AFE22B5FECBB0099C55C /* Resources */ = {
			isa = PBXResourcesBuildPhase;
			buildActionMask = 2147483647;
			files = (
			);
			runOnlyForDeploymentPostprocessing = 0;
		};
/* End PBXResourcesBuildPhase section */

/* Begin PBXSourcesBuildPhase section */
		F715AFC62B5FECB80099C55C /* Sources */ = {
			isa = PBXSourcesBuildPhase;
			buildActionMask = 2147483647;
			files = (
				F715AFFA2B5FF33D0099C55C /* StarterIngredients.swift in Sources */,
				F715AFD02B5FECB80099C55C /* ContentView.swift in Sources */,
				F784AAAB2B73ED23002C2FB4 /* RecipesView.swift in Sources */,
				F7FFDF902B91EAD700F152A0 /* IngredientsView.swift in Sources */,
				F715AFF82B5FEFCE0099C55C /* Ingredients.swift in Sources */,
				F715AFCE2B5FECB80099C55C /* YummiApp.swift in Sources */,
			);
			runOnlyForDeploymentPostprocessing = 0;
		};
		F715AFD62B5FECBB0099C55C /* Sources */ = {
			isa = PBXSourcesBuildPhase;
			buildActionMask = 2147483647;
			files = (
				F715AFDF2B5FECBB0099C55C /* YummiTests.swift in Sources */,
				F7A030632B88B0CA0083C4AA /* YummiUITests.swift in Sources */,
			);
			runOnlyForDeploymentPostprocessing = 0;
		};
		F715AFE02B5FECBB0099C55C /* Sources */ = {
			isa = PBXSourcesBuildPhase;
			buildActionMask = 2147483647;
			files = (
				F715AFEB2B5FECBB0099C55C /* YummiUITestsLaunchTests.swift in Sources */,
			);
			runOnlyForDeploymentPostprocessing = 0;
		};
/* End PBXSourcesBuildPhase section */

/* Begin PBXTargetDependency section */
		F715AFDC2B5FECBB0099C55C /* PBXTargetDependency */ = {
			isa = PBXTargetDependency;
			target = F715AFC92B5FECB80099C55C /* Yummi */;
			targetProxy = F715AFDB2B5FECBB0099C55C /* PBXContainerItemProxy */;
		};
		F715AFE62B5FECBB0099C55C /* PBXTargetDependency */ = {
			isa = PBXTargetDependency;
			target = F715AFC92B5FECB80099C55C /* Yummi */;
			targetProxy = F715AFE52B5FECBB0099C55C /* PBXContainerItemProxy */;
		};
/* End PBXTargetDependency section */

/* Begin XCBuildConfiguration section */
		F715AFEC2B5FECBB0099C55C /* Debug */ = {
			isa = XCBuildConfiguration;
			buildSettings = {
				ALWAYS_SEARCH_USER_PATHS = NO;
				ASSETCATALOG_COMPILER_GENERATE_SWIFT_ASSET_SYMBOL_EXTENSIONS = YES;
				CLANG_ANALYZER_NONNULL = YES;
				CLANG_ANALYZER_NUMBER_OBJECT_CONVERSION = YES_AGGRESSIVE;
				CLANG_CXX_LANGUAGE_STANDARD = "gnu++20";
				CLANG_ENABLE_MODULES = YES;
				CLANG_ENABLE_OBJC_ARC = YES;
				CLANG_ENABLE_OBJC_WEAK = YES;
				CLANG_WARN_BLOCK_CAPTURE_AUTORELEASING = YES;
				CLANG_WARN_BOOL_CONVERSION = YES;
				CLANG_WARN_COMMA = YES;
				CLANG_WARN_CONSTANT_CONVERSION = YES;
				CLANG_WARN_DEPRECATED_OBJC_IMPLEMENTATIONS = YES;
				CLANG_WARN_DIRECT_OBJC_ISA_USAGE = YES_ERROR;
				CLANG_WARN_DOCUMENTATION_COMMENTS = YES;
				CLANG_WARN_EMPTY_BODY = YES;
				CLANG_WARN_ENUM_CONVERSION = YES;
				CLANG_WARN_INFINITE_RECURSION = YES;
				CLANG_WARN_INT_CONVERSION = YES;
				CLANG_WARN_NON_LITERAL_NULL_CONVERSION = YES;
				CLANG_WARN_OBJC_IMPLICIT_RETAIN_SELF = YES;
				CLANG_WARN_OBJC_LITERAL_CONVERSION = YES;
				CLANG_WARN_OBJC_ROOT_CLASS = YES_ERROR;
				CLANG_WARN_QUOTED_INCLUDE_IN_FRAMEWORK_HEADER = YES;
				CLANG_WARN_RANGE_LOOP_ANALYSIS = YES;
				CLANG_WARN_STRICT_PROTOTYPES = YES;
				CLANG_WARN_SUSPICIOUS_MOVE = YES;
				CLANG_WARN_UNGUARDED_AVAILABILITY = YES_AGGRESSIVE;
				CLANG_WARN_UNREACHABLE_CODE = YES;
				CLANG_WARN__DUPLICATE_METHOD_MATCH = YES;
				COPY_PHASE_STRIP = NO;
				DEBUG_INFORMATION_FORMAT = dwarf;
				ENABLE_STRICT_OBJC_MSGSEND = YES;
				ENABLE_TESTABILITY = YES;
				ENABLE_USER_SCRIPT_SANDBOXING = YES;
				GCC_C_LANGUAGE_STANDARD = gnu17;
				GCC_DYNAMIC_NO_PIC = NO;
				GCC_NO_COMMON_BLOCKS = YES;
				GCC_OPTIMIZATION_LEVEL = 0;
				GCC_PREPROCESSOR_DEFINITIONS = (
					"DEBUG=1",
					"$(inherited)",
				);
				GCC_WARN_64_TO_32_BIT_CONVERSION = YES;
				GCC_WARN_ABOUT_RETURN_TYPE = YES_ERROR;
				GCC_WARN_UNDECLARED_SELECTOR = YES;
				GCC_WARN_UNINITIALIZED_AUTOS = YES_AGGRESSIVE;
				GCC_WARN_UNUSED_FUNCTION = YES;
				GCC_WARN_UNUSED_VARIABLE = YES;
				IPHONEOS_DEPLOYMENT_TARGET = 17.2;
				LOCALIZATION_PREFERS_STRING_CATALOGS = YES;
				MTL_ENABLE_DEBUG_INFO = INCLUDE_SOURCE;
				MTL_FAST_MATH = YES;
				ONLY_ACTIVE_ARCH = YES;
				SDKROOT = iphoneos;
				SWIFT_ACTIVE_COMPILATION_CONDITIONS = "DEBUG $(inherited)";
				SWIFT_OPTIMIZATION_LEVEL = "-Onone";
			};
			name = Debug;
		};
		F715AFED2B5FECBB0099C55C /* Release */ = {
			isa = XCBuildConfiguration;
			buildSettings = {
				ALWAYS_SEARCH_USER_PATHS = NO;
				ASSETCATALOG_COMPILER_GENERATE_SWIFT_ASSET_SYMBOL_EXTENSIONS = YES;
				CLANG_ANALYZER_NONNULL = YES;
				CLANG_ANALYZER_NUMBER_OBJECT_CONVERSION = YES_AGGRESSIVE;
				CLANG_CXX_LANGUAGE_STANDARD = "gnu++20";
				CLANG_ENABLE_MODULES = YES;
				CLANG_ENABLE_OBJC_ARC = YES;
				CLANG_ENABLE_OBJC_WEAK = YES;
				CLANG_WARN_BLOCK_CAPTURE_AUTORELEASING = YES;
				CLANG_WARN_BOOL_CONVERSION = YES;
				CLANG_WARN_COMMA = YES;
				CLANG_WARN_CONSTANT_CONVERSION = YES;
				CLANG_WARN_DEPRECATED_OBJC_IMPLEMENTATIONS = YES;
				CLANG_WARN_DIRECT_OBJC_ISA_USAGE = YES_ERROR;
				CLANG_WARN_DOCUMENTATION_COMMENTS = YES;
				CLANG_WARN_EMPTY_BODY = YES;
				CLANG_WARN_ENUM_CONVERSION = YES;
				CLANG_WARN_INFINITE_RECURSION = YES;
				CLANG_WARN_INT_CONVERSION = YES;
				CLANG_WARN_NON_LITERAL_NULL_CONVERSION = YES;
				CLANG_WARN_OBJC_IMPLICIT_RETAIN_SELF = YES;
				CLANG_WARN_OBJC_LITERAL_CONVERSION = YES;
				CLANG_WARN_OBJC_ROOT_CLASS = YES_ERROR;
				CLANG_WARN_QUOTED_INCLUDE_IN_FRAMEWORK_HEADER = YES;
				CLANG_WARN_RANGE_LOOP_ANALYSIS = YES;
				CLANG_WARN_STRICT_PROTOTYPES = YES;
				CLANG_WARN_SUSPICIOUS_MOVE = YES;
				CLANG_WARN_UNGUARDED_AVAILABILITY = YES_AGGRESSIVE;
				CLANG_WARN_UNREACHABLE_CODE = YES;
				CLANG_WARN__DUPLICATE_METHOD_MATCH = YES;
				COPY_PHASE_STRIP = NO;
				DEBUG_INFORMATION_FORMAT = "dwarf-with-dsym";
				ENABLE_NS_ASSERTIONS = NO;
				ENABLE_STRICT_OBJC_MSGSEND = YES;
				ENABLE_USER_SCRIPT_SANDBOXING = YES;
				GCC_C_LANGUAGE_STANDARD = gnu17;
				GCC_NO_COMMON_BLOCKS = YES;
				GCC_WARN_64_TO_32_BIT_CONVERSION = YES;
				GCC_WARN_ABOUT_RETURN_TYPE = YES_ERROR;
				GCC_WARN_UNDECLARED_SELECTOR = YES;
				GCC_WARN_UNINITIALIZED_AUTOS = YES_AGGRESSIVE;
				GCC_WARN_UNUSED_FUNCTION = YES;
				GCC_WARN_UNUSED_VARIABLE = YES;
				IPHONEOS_DEPLOYMENT_TARGET = 17.2;
				LOCALIZATION_PREFERS_STRING_CATALOGS = YES;
				MTL_ENABLE_DEBUG_INFO = NO;
				MTL_FAST_MATH = YES;
				SDKROOT = iphoneos;
				SWIFT_COMPILATION_MODE = wholemodule;
				VALIDATE_PRODUCT = YES;
			};
			name = Release;
		};
		F715AFEF2B5FECBB0099C55C /* Debug */ = {
			isa = XCBuildConfiguration;
			buildSettings = {
				ASSETCATALOG_COMPILER_APPICON_NAME = AppIcon;
				ASSETCATALOG_COMPILER_GLOBAL_ACCENT_COLOR_NAME = AccentColor;
				CODE_SIGN_STYLE = Automatic;
				CURRENT_PROJECT_VERSION = 1;
				DEVELOPMENT_ASSET_PATHS = "\"Yummi/Preview Content\"";
				ENABLE_PREVIEWS = YES;
				GENERATE_INFOPLIST_FILE = YES;
				INFOPLIST_KEY_UIApplicationSceneManifest_Generation = YES;
				INFOPLIST_KEY_UIApplicationSupportsIndirectInputEvents = YES;
				INFOPLIST_KEY_UILaunchScreen_Generation = YES;
				INFOPLIST_KEY_UISupportedInterfaceOrientations_iPad = "UIInterfaceOrientationPortrait UIInterfaceOrientationPortraitUpsideDown UIInterfaceOrientationLandscapeLeft UIInterfaceOrientationLandscapeRight";
				INFOPLIST_KEY_UISupportedInterfaceOrientations_iPhone = "UIInterfaceOrientationPortrait UIInterfaceOrientationLandscapeLeft UIInterfaceOrientationLandscapeRight";
				LD_RUNPATH_SEARCH_PATHS = (
					"$(inherited)",
					"@executable_path/Frameworks",
				);
				MARKETING_VERSION = 1.0;
				PRODUCT_BUNDLE_IDENTIFIER = com.osmith.Yummi;
				PRODUCT_NAME = "$(TARGET_NAME)";
				SWIFT_EMIT_LOC_STRINGS = YES;
				SWIFT_VERSION = 5.0;
				TARGETED_DEVICE_FAMILY = "1,2";
			};
			name = Debug;
		};
		F715AFF02B5FECBB0099C55C /* Release */ = {
			isa = XCBuildConfiguration;
			buildSettings = {
				ASSETCATALOG_COMPILER_APPICON_NAME = AppIcon;
				ASSETCATALOG_COMPILER_GLOBAL_ACCENT_COLOR_NAME = AccentColor;
				CODE_SIGN_STYLE = Automatic;
				CURRENT_PROJECT_VERSION = 1;
				DEVELOPMENT_ASSET_PATHS = "\"Yummi/Preview Content\"";
				ENABLE_PREVIEWS = YES;
				GENERATE_INFOPLIST_FILE = YES;
				INFOPLIST_KEY_UIApplicationSceneManifest_Generation = YES;
				INFOPLIST_KEY_UIApplicationSupportsIndirectInputEvents = YES;
				INFOPLIST_KEY_UILaunchScreen_Generation = YES;
				INFOPLIST_KEY_UISupportedInterfaceOrientations_iPad = "UIInterfaceOrientationPortrait UIInterfaceOrientationPortraitUpsideDown UIInterfaceOrientationLandscapeLeft UIInterfaceOrientationLandscapeRight";
				INFOPLIST_KEY_UISupportedInterfaceOrientations_iPhone = "UIInterfaceOrientationPortrait UIInterfaceOrientationLandscapeLeft UIInterfaceOrientationLandscapeRight";
				LD_RUNPATH_SEARCH_PATHS = (
					"$(inherited)",
					"@executable_path/Frameworks",
				);
				MARKETING_VERSION = 1.0;
				PRODUCT_BUNDLE_IDENTIFIER = com.osmith.Yummi;
				PRODUCT_NAME = "$(TARGET_NAME)";
				SWIFT_EMIT_LOC_STRINGS = YES;
				SWIFT_VERSION = 5.0;
				TARGETED_DEVICE_FAMILY = "1,2";
			};
			name = Release;
		};
		F715AFF22B5FECBB0099C55C /* Debug */ = {
			isa = XCBuildConfiguration;
			buildSettings = {
				ALWAYS_EMBED_SWIFT_STANDARD_LIBRARIES = YES;
				BUNDLE_LOADER = "$(TEST_HOST)";
				CODE_SIGN_STYLE = Automatic;
				CURRENT_PROJECT_VERSION = 1;
				GENERATE_INFOPLIST_FILE = YES;
				IPHONEOS_DEPLOYMENT_TARGET = 17.2;
				MARKETING_VERSION = 1.0;
				PRODUCT_BUNDLE_IDENTIFIER = com.osmith.YummiTests;
				PRODUCT_NAME = "$(TARGET_NAME)";
				SWIFT_EMIT_LOC_STRINGS = NO;
				SWIFT_VERSION = 5.0;
				TARGETED_DEVICE_FAMILY = "1,2";
				TEST_HOST = "$(BUILT_PRODUCTS_DIR)/Yummi.app/$(BUNDLE_EXECUTABLE_FOLDER_PATH)/Yummi";
			};
			name = Debug;
		};
		F715AFF32B5FECBB0099C55C /* Release */ = {
			isa = XCBuildConfiguration;
			buildSettings = {
				ALWAYS_EMBED_SWIFT_STANDARD_LIBRARIES = YES;
				BUNDLE_LOADER = "$(TEST_HOST)";
				CODE_SIGN_STYLE = Automatic;
				CURRENT_PROJECT_VERSION = 1;
				GENERATE_INFOPLIST_FILE = YES;
				IPHONEOS_DEPLOYMENT_TARGET = 17.2;
				MARKETING_VERSION = 1.0;
				PRODUCT_BUNDLE_IDENTIFIER = com.osmith.YummiTests;
				PRODUCT_NAME = "$(TARGET_NAME)";
				SWIFT_EMIT_LOC_STRINGS = NO;
				SWIFT_VERSION = 5.0;
				TARGETED_DEVICE_FAMILY = "1,2";
				TEST_HOST = "$(BUILT_PRODUCTS_DIR)/Yummi.app/$(BUNDLE_EXECUTABLE_FOLDER_PATH)/Yummi";
			};
			name = Release;
		};
		F715AFF52B5FECBB0099C55C /* Debug */ = {
			isa = XCBuildConfiguration;
			buildSettings = {
				ALWAYS_EMBED_SWIFT_STANDARD_LIBRARIES = YES;
				CODE_SIGN_STYLE = Automatic;
				CURRENT_PROJECT_VERSION = 1;
				GENERATE_INFOPLIST_FILE = YES;
				MARKETING_VERSION = 1.0;
				PRODUCT_BUNDLE_IDENTIFIER = com.osmith.YummiUITests;
				PRODUCT_NAME = "$(TARGET_NAME)";
				SWIFT_EMIT_LOC_STRINGS = NO;
				SWIFT_VERSION = 5.0;
				TARGETED_DEVICE_FAMILY = "1,2";
				TEST_TARGET_NAME = Yummi;
			};
			name = Debug;
		};
		F715AFF62B5FECBB0099C55C /* Release */ = {
			isa = XCBuildConfiguration;
			buildSettings = {
				ALWAYS_EMBED_SWIFT_STANDARD_LIBRARIES = YES;
				CODE_SIGN_STYLE = Automatic;
				CURRENT_PROJECT_VERSION = 1;
				GENERATE_INFOPLIST_FILE = YES;
				MARKETING_VERSION = 1.0;
				PRODUCT_BUNDLE_IDENTIFIER = com.osmith.YummiUITests;
				PRODUCT_NAME = "$(TARGET_NAME)";
				SWIFT_EMIT_LOC_STRINGS = NO;
				SWIFT_VERSION = 5.0;
				TARGETED_DEVICE_FAMILY = "1,2";
				TEST_TARGET_NAME = Yummi;
			};
			name = Release;
		};
/* End XCBuildConfiguration section */

/* Begin XCConfigurationList section */
		F715AFC52B5FECB80099C55C /* Build configuration list for PBXProject "Yummi" */ = {
			isa = XCConfigurationList;
			buildConfigurations = (
				F715AFEC2B5FECBB0099C55C /* Debug */,
				F715AFED2B5FECBB0099C55C /* Release */,
			);
			defaultConfigurationIsVisible = 0;
			defaultConfigurationName = Release;
		};
		F715AFEE2B5FECBB0099C55C /* Build configuration list for PBXNativeTarget "Yummi" */ = {
			isa = XCConfigurationList;
			buildConfigurations = (
				F715AFEF2B5FECBB0099C55C /* Debug */,
				F715AFF02B5FECBB0099C55C /* Release */,
			);
			defaultConfigurationIsVisible = 0;
			defaultConfigurationName = Release;
		};
		F715AFF12B5FECBB0099C55C /* Build configuration list for PBXNativeTarget "YummiTests" */ = {
			isa = XCConfigurationList;
			buildConfigurations = (
				F715AFF22B5FECBB0099C55C /* Debug */,
				F715AFF32B5FECBB0099C55C /* Release */,
			);
			defaultConfigurationIsVisible = 0;
			defaultConfigurationName = Release;
		};
		F715AFF42B5FECBB0099C55C /* Build configuration list for PBXNativeTarget "YummiUITests" */ = {
			isa = XCConfigurationList;
			buildConfigurations = (
				F715AFF52B5FECBB0099C55C /* Debug */,
				F715AFF62B5FECBB0099C55C /* Release */,
			);
			defaultConfigurationIsVisible = 0;
			defaultConfigurationName = Release;
		};
/* End XCConfigurationList section */
	};
	rootObject = F715AFC22B5FECB70099C55C /* Project object */;
}
